
Microsoft Visual Studio Solution File, Format Version 12.00
# Visual Studio Version 16
VisualStudioVersion = 16.0.30611.23
MinimumVisualStudioVersion = 10.0.40219.1
Project("{FAE04EC0-301F-11D3-BF4B-00C04F79EFBC}") = "MoodAnalyserProblem", "MoodAnalyserProblem.csproj", "{D79DB2F6-5EA9-4301-BC96-9148B55C0589}"
EndProject
Global
	GlobalSection(SolutionConfigurationPlatforms) = preSolution
		Debug|Any CPU = Debug|Any CPU
		Release|Any CPU = Release|Any CPU
	EndGlobalSection
	GlobalSection(ProjectConfigurationPlatforms) = postSolution
		{D79DB2F6-5EA9-4301-BC96-9148B55C0589}.Debug|Any CPU.ActiveCfg = Debug|Any CPU
		{D79DB2F6-5EA9-4301-BC96-9148B55C0589}.Debug|Any CPU.Build.0 = Debug|Any CPU
		{D79DB2F6-5EA9-4301-BC96-9148B55C0589}.Release|Any CPU.ActiveCfg = Release|Any CPU
		{D79DB2F6-5EA9-4301-BC96-9148B55C0589}.Release|Any CPU.Build.0 = Release|Any CPU
	EndGlobalSection
	GlobalSection(SolutionProperties) = preSolution
		HideSolutionNode = FALSE
	EndGlobalSection
	GlobalSection(ExtensibilityGlobals) = postSolution
		SolutionGuid = {424D48BB-1E91-4175-BA8C-212901F4E079}
	EndGlobalSection
EndGlobal
